
Microsoft Visual Studio Solution File, Format Version 12.00
# Visual Studio Version 17
VisualStudioVersion = 17.4.33110.190
MinimumVisualStudioVersion = 10.0.40219.1
Project("{FAE04EC0-301F-11D3-BF4B-00C04F79EFBC}") = "AnyCount", "AnyCount\AnyCount.csproj", "{21642E2D-E7B9-40C8-8448-3383B69E875B}"
EndProject
Global
	GlobalSection(SolutionConfigurationPlatforms) = preSolution
		Debug|Any CPU = Debug|Any CPU
		Release|Any CPU = Release|Any CPU
	EndGlobalSection
	GlobalSection(ProjectConfigurationPlatforms) = postSolution
		{21642E2D-E7B9-40C8-8448-3383B69E875B}.Debug|Any CPU.ActiveCfg = Debug|Any CPU
		{21642E2D-E7B9-40C8-8448-3383B69E875B}.Debug|Any CPU.Build.0 = Debug|Any CPU
		{21642E2D-E7B9-40C8-8448-3383B69E875B}.Release|Any CPU.ActiveCfg = Release|Any CPU
		{21642E2D-E7B9-40C8-8448-3383B69E875B}.Release|Any CPU.Build.0 = Release|Any CPU
	EndGlobalSection
	GlobalSection(SolutionProperties) = preSolution
		HideSolutionNode = FALSE
	EndGlobalSection
	GlobalSection(ExtensibilityGlobals) = postSolution
		SolutionGuid = {8E031078-7087-4EDC-9AD5-64F0C241DC00}
	EndGlobalSection
EndGlobal
